
Microsoft Visual Studio Solution File, Format Version 9.00
# Visual Studio 2005
Project("{8BC9CEB8-8B4A-11D0-8D11-00A0C91BC942}") = "xx_vm32", "xx_vm32\xx_vm32.vcproj", "{5FE3CCBB-06CD-40EB-9B5E-8A98E17128EC}"
EndProject
Global
	GlobalSection(SolutionConfigurationPlatforms) = preSolution
		Debug|Win32 = Debug|Win32
		Release|Win32 = Release|Win32
	EndGlobalSection
	GlobalSection(ProjectConfigurationPlatforms) = postSolution
		{5FE3CCBB-06CD-40EB-9B5E-8A98E17128EC}.Debug|Win32.ActiveCfg = Debug|Win32
		{5FE3CCBB-06CD-40EB-9B5E-8A98E17128EC}.Debug|Win32.Build.0 = Debug|Win32
		{5FE3CCBB-06CD-40EB-9B5E-8A98E17128EC}.Release|Win32.ActiveCfg = Release|Win32
		{5FE3CCBB-06CD-40EB-9B5E-8A98E17128EC}.Release|Win32.Build.0 = Release|Win32
	EndGlobalSection
	GlobalSection(SolutionProperties) = preSolution
		HideSolutionNode = FALSE
	EndGlobalSection
EndGlobal
