
Microsoft Visual Studio Solution File, Format Version 9.00
# Visual Studio 2005
Project("{8BC9CEB8-8B4A-11D0-8D11-00A0C91BC942}") = "xxdisasm32", "xxdisasm32\xxdisasm32.vcproj", "{F81F3EFE-13F5-4CAD-A8DE-3F3BE34B47DB}"
EndProject
Global
	GlobalSection(SolutionConfigurationPlatforms) = preSolution
		Debug|Win32 = Debug|Win32
		Release|Win32 = Release|Win32
	EndGlobalSection
	GlobalSection(ProjectConfigurationPlatforms) = postSolution
		{F81F3EFE-13F5-4CAD-A8DE-3F3BE34B47DB}.Debug|Win32.ActiveCfg = Debug|Win32
		{F81F3EFE-13F5-4CAD-A8DE-3F3BE34B47DB}.Debug|Win32.Build.0 = Debug|Win32
		{F81F3EFE-13F5-4CAD-A8DE-3F3BE34B47DB}.Release|Win32.ActiveCfg = Release|Win32
		{F81F3EFE-13F5-4CAD-A8DE-3F3BE34B47DB}.Release|Win32.Build.0 = Release|Win32
	EndGlobalSection
	GlobalSection(SolutionProperties) = preSolution
		HideSolutionNode = FALSE
	EndGlobalSection
EndGlobal
